PODS:
  - Flutter (1.0.0)
  - universal_ble (0.0.1):
    - Flutter
    - FlutterMacOS

DEPENDENCIES:
  - Flutter (from `Flutter`)
  - universal_ble (from `.symlinks/plugins/universal_ble/darwin`)

EXTERNAL SOURCES:
  Flutter:
    :path: Flutter
  universal_ble:
    :path: ".symlinks/plugins/universal_ble/darwin"

SPEC CHECKSUMS:
  Flutter: cabc95a1d2626b1b06e7179b784ebcf0c0cde467
  universal_ble: a322ebabee64f0ec27a313e89a5dd6967f37a60f

PODFILE CHECKSUM: c33abd8fc4aa606784d95f916f04450c9ecac5a5

COCOAPODS: 1.16.2
